
Microsoft Visual Studio Solution File, Format Version 12.00
# Visual Studio Version 17
VisualStudioVersion = 17.5.33414.496
MinimumVisualStudioVersion = 10.0.40219.1
Project("{FAE04EC0-301F-11D3-BF4B-00C04F79EFBC}") = "AkademiPlus_Transportation", "AkademiPlus_Transportation\AkademiPlus_Transportation.csproj", "{04DCEEB2-B855-4E9C-A3A2-CD2E8AC88E3B}"
EndProject
Global
	GlobalSection(SolutionConfigurationPlatforms) = preSolution
		Debug|Any CPU = Debug|Any CPU
		Release|Any CPU = Release|Any CPU
	EndGlobalSection
	GlobalSection(ProjectConfigurationPlatforms) = postSolution
		{04DCEEB2-B855-4E9C-A3A2-CD2E8AC88E3B}.Debug|Any CPU.ActiveCfg = Debug|Any CPU
		{04DCEEB2-B855-4E9C-A3A2-CD2E8AC88E3B}.Debug|Any CPU.Build.0 = Debug|Any CPU
		{04DCEEB2-B855-4E9C-A3A2-CD2E8AC88E3B}.Release|Any CPU.ActiveCfg = Release|Any CPU
		{04DCEEB2-B855-4E9C-A3A2-CD2E8AC88E3B}.Release|Any CPU.Build.0 = Release|Any CPU
	EndGlobalSection
	GlobalSection(SolutionProperties) = preSolution
		HideSolutionNode = FALSE
	EndGlobalSection
	GlobalSection(ExtensibilityGlobals) = postSolution
		SolutionGuid = {5B17B219-7EB2-4BAF-B94A-85EE7947F820}
	EndGlobalSection
EndGlobal
